
Microsoft Visual Studio Solution File, Format Version 12.00
# Visual Studio 15
VisualStudioVersion = 15.0.27428.2015
MinimumVisualStudioVersion = 10.0.40219.1
Project("{FAE04EC0-301F-11D3-BF4B-00C04F79EFBC}") = "KoLSharp", "KoLSharp\KoLSharp.csproj", "{E89ED4CB-ACE0-406D-9F8F-95327BEB5FFD}"
EndProject
Global
	GlobalSection(SolutionConfigurationPlatforms) = preSolution
		Debug|Any CPU = Debug|Any CPU
		Release|Any CPU = Release|Any CPU
	EndGlobalSection
	GlobalSection(ProjectConfigurationPlatforms) = postSolution
		{E89ED4CB-ACE0-406D-9F8F-95327BEB5FFD}.Debug|Any CPU.ActiveCfg = Debug|Any CPU
		{E89ED4CB-ACE0-406D-9F8F-95327BEB5FFD}.Debug|Any CPU.Build.0 = Debug|Any CPU
		{E89ED4CB-ACE0-406D-9F8F-95327BEB5FFD}.Release|Any CPU.ActiveCfg = Release|Any CPU
		{E89ED4CB-ACE0-406D-9F8F-95327BEB5FFD}.Release|Any CPU.Build.0 = Release|Any CPU
	EndGlobalSection
	GlobalSection(SolutionProperties) = preSolution
		HideSolutionNode = FALSE
	EndGlobalSection
	GlobalSection(ExtensibilityGlobals) = postSolution
		SolutionGuid = {D2BAC8F9-D78C-44EF-B824-3C7871ADC5E6}
	EndGlobalSection
EndGlobal
